
Microsoft Visual Studio Solution File, Format Version 12.00
# Visual Studio Version 16
VisualStudioVersion = 16.0.29920.165
MinimumVisualStudioVersion = 10.0.40219.1
Project("{9A19103F-16F7-4668-BE54-9A1E7A4F7556}") = "Aura_OS", "Aura_OS\Aura_OS.csproj", "{E0EC8D7A-B5D7-4097-AB38-2FD033B4B8D2}"
	ProjectSection(ProjectDependencies) = postProject
		{238449E7-EB82-4BE0-9C60-2BAF86F56D52} = {238449E7-EB82-4BE0-9C60-2BAF86F56D52}
	EndProjectSection
EndProject
Project("{9A19103F-16F7-4668-BE54-9A1E7A4F7556}") = "Aura_Plugs", "Aura_Plugs\Aura_Plugs.csproj", "{238449E7-EB82-4BE0-9C60-2BAF86F56D52}"
EndProject
Global
	GlobalSection(SolutionConfigurationPlatforms) = preSolution
		Debug|Any CPU = Debug|Any CPU
		Release|Any CPU = Release|Any CPU
	EndGlobalSection
	GlobalSection(ProjectConfigurationPlatforms) = postSolution
		{E0EC8D7A-B5D7-4097-AB38-2FD033B4B8D2}.Debug|Any CPU.ActiveCfg = Debug|Any CPU
		{E0EC8D7A-B5D7-4097-AB38-2FD033B4B8D2}.Debug|Any CPU.Build.0 = Debug|Any CPU
		{E0EC8D7A-B5D7-4097-AB38-2FD033B4B8D2}.Release|Any CPU.ActiveCfg = Release|Any CPU
		{E0EC8D7A-B5D7-4097-AB38-2FD033B4B8D2}.Release|Any CPU.Build.0 = Release|Any CPU
		{238449E7-EB82-4BE0-9C60-2BAF86F56D52}.Debug|Any CPU.ActiveCfg = Debug|Any CPU
		{238449E7-EB82-4BE0-9C60-2BAF86F56D52}.Debug|Any CPU.Build.0 = Debug|Any CPU
		{238449E7-EB82-4BE0-9C60-2BAF86F56D52}.Release|Any CPU.ActiveCfg = Release|Any CPU
		{238449E7-EB82-4BE0-9C60-2BAF86F56D52}.Release|Any CPU.Build.0 = Release|Any CPU
	EndGlobalSection
	GlobalSection(SolutionProperties) = preSolution
		HideSolutionNode = FALSE
	EndGlobalSection
	GlobalSection(ExtensibilityGlobals) = postSolution
		SolutionGuid = {28D95F29-610D-48B6-8A3D-B43C3F409959}
	EndGlobalSection
EndGlobal
