
Microsoft Visual Studio Solution File, Format Version 12.00
# Visual Studio Version 16
VisualStudioVersion = 16.0.29920.165
MinimumVisualStudioVersion = 10.0.40219.1
Project("{9A19103F-16F7-4668-BE54-9A1E7A4F7556}") = "Aura OS", "Aura OS\Aura OS.csproj", "{7CAB60D2-C22E-4A50-9A81-363ACDD259BA}"
EndProject
Project("{FAE04EC0-301F-11D3-BF4B-00C04F79EFBC}") = "Aura Plugs", "Aura Plugs\Aura Plugs.csproj", "{180C2D9C-AF60-4159-8637-94C2B2BD8C3B}"
EndProject
Global
	GlobalSection(SolutionConfigurationPlatforms) = preSolution
		Debug|Any CPU = Debug|Any CPU
		Release|Any CPU = Release|Any CPU
	EndGlobalSection
	GlobalSection(ProjectConfigurationPlatforms) = postSolution
		{7CAB60D2-C22E-4A50-9A81-363ACDD259BA}.Debug|Any CPU.ActiveCfg = Debug|Any CPU
		{7CAB60D2-C22E-4A50-9A81-363ACDD259BA}.Debug|Any CPU.Build.0 = Debug|Any CPU
		{7CAB60D2-C22E-4A50-9A81-363ACDD259BA}.Release|Any CPU.ActiveCfg = Release|Any CPU
		{7CAB60D2-C22E-4A50-9A81-363ACDD259BA}.Release|Any CPU.Build.0 = Release|Any CPU
		{180C2D9C-AF60-4159-8637-94C2B2BD8C3B}.Debug|Any CPU.ActiveCfg = Debug|Any CPU
		{180C2D9C-AF60-4159-8637-94C2B2BD8C3B}.Debug|Any CPU.Build.0 = Debug|Any CPU
		{180C2D9C-AF60-4159-8637-94C2B2BD8C3B}.Release|Any CPU.ActiveCfg = Release|Any CPU
		{180C2D9C-AF60-4159-8637-94C2B2BD8C3B}.Release|Any CPU.Build.0 = Release|Any CPU
	EndGlobalSection
	GlobalSection(SolutionProperties) = preSolution
		HideSolutionNode = FALSE
	EndGlobalSection
	GlobalSection(ExtensibilityGlobals) = postSolution
		SolutionGuid = {F3E70DFC-49C8-47D3-8935-426473B565D7}
	EndGlobalSection
EndGlobal
