
Microsoft Visual Studio Solution File, Format Version 12.00
# Visual Studio 15
VisualStudioVersion = 15.0.27130.2010
MinimumVisualStudioVersion = 10.0.40219.1
Project("{9A19103F-16F7-4668-BE54-9A1E7A4F7556}") = "Aura_OS", "Aura OS\Aura_OS.csproj", "{DD67A21E-24AA-45A8-9886-4BB88F63680A}"
EndProject
Global
	GlobalSection(SolutionConfigurationPlatforms) = preSolution
		Debug|Any CPU = Debug|Any CPU
		Release|Any CPU = Release|Any CPU
	EndGlobalSection
	GlobalSection(ProjectConfigurationPlatforms) = postSolution
		{DD67A21E-24AA-45A8-9886-4BB88F63680A}.Debug|Any CPU.ActiveCfg = Debug|Any CPU
		{DD67A21E-24AA-45A8-9886-4BB88F63680A}.Debug|Any CPU.Build.0 = Debug|Any CPU
		{DD67A21E-24AA-45A8-9886-4BB88F63680A}.Release|Any CPU.ActiveCfg = Release|Any CPU
		{DD67A21E-24AA-45A8-9886-4BB88F63680A}.Release|Any CPU.Build.0 = Release|Any CPU
	EndGlobalSection
	GlobalSection(SolutionProperties) = preSolution
		HideSolutionNode = FALSE
	EndGlobalSection
	GlobalSection(ExtensibilityGlobals) = postSolution
		SolutionGuid = {C5154280-3C7D-4BC3-9EA2-444E26C0648A}
	EndGlobalSection
EndGlobal
